
Microsoft Visual Studio Solution File, Format Version 12.00
# Visual Studio Version 17
VisualStudioVersion = 17.4.33110.190
MinimumVisualStudioVersion = 10.0.40219.1
Project("{8BC9CEB8-8B4A-11D0-8D11-00A0C91BC942}") = "lab2", "lab2\lab2.vcxproj", "{35F80A5A-0858-4B40-A8AC-4E80D1F646F3}"
EndProject
Project("{8BC9CEB8-8B4A-11D0-8D11-00A0C91BC942}") = "lab3", "lab3\lab3.vcxproj", "{63F4FDEF-F23E-449F-A347-F29394C02C60}"
EndProject
Project("{8BC9CEB8-8B4A-11D0-8D11-00A0C91BC942}") = "lab1", "lab1\lab1.vcxproj", "{1322E914-1854-46E9-ACD6-B89627251346}"
EndProject
Project("{8BC9CEB8-8B4A-11D0-8D11-00A0C91BC942}") = "lab4", "lab4\lab4.vcxproj", "{E34C3062-D057-4FF4-9EC4-ADD786890AFE}"
EndProject
Project("{8BC9CEB8-8B4A-11D0-8D11-00A0C91BC942}") = "lab5", "lab5\lab5.vcxproj", "{6FE19521-821C-4C08-8929-6080BAD8FED5}"
EndProject
Project("{8BC9CEB8-8B4A-11D0-8D11-00A0C91BC942}") = "lab6", "lab6\lab6.vcxproj", "{691B9D65-9853-4E4D-80A7-D1E5F1D73059}"
EndProject
Project("{8BC9CEB8-8B4A-11D0-8D11-00A0C91BC942}") = "lab4_sebi", "lab4_sebi\lab4_sebi.vcxproj", "{4E6BE9F2-B745-4E02-AD94-A7B7D25CFE58}"
EndProject
Project("{8BC9CEB8-8B4A-11D0-8D11-00A0C91BC942}") = "seminar oop", "seminar oop\seminar oop.vcxproj", "{426E8943-E674-49DF-BED6-8C8C990C342D}"
EndProject
Global
	GlobalSection(SolutionConfigurationPlatforms) = preSolution
		Debug|x64 = Debug|x64
		Debug|x86 = Debug|x86
		Release|x64 = Release|x64
		Release|x86 = Release|x86
	EndGlobalSection
	GlobalSection(ProjectConfigurationPlatforms) = postSolution
		{35F80A5A-0858-4B40-A8AC-4E80D1F646F3}.Debug|x64.ActiveCfg = Debug|x64
		{35F80A5A-0858-4B40-A8AC-4E80D1F646F3}.Debug|x64.Build.0 = Debug|x64
		{35F80A5A-0858-4B40-A8AC-4E80D1F646F3}.Debug|x86.ActiveCfg = Debug|Win32
		{35F80A5A-0858-4B40-A8AC-4E80D1F646F3}.Debug|x86.Build.0 = Debug|Win32
		{35F80A5A-0858-4B40-A8AC-4E80D1F646F3}.Release|x64.ActiveCfg = Release|x64
		{35F80A5A-0858-4B40-A8AC-4E80D1F646F3}.Release|x64.Build.0 = Release|x64
		{35F80A5A-0858-4B40-A8AC-4E80D1F646F3}.Release|x86.ActiveCfg = Release|Win32
		{35F80A5A-0858-4B40-A8AC-4E80D1F646F3}.Release|x86.Build.0 = Release|Win32
		{63F4FDEF-F23E-449F-A347-F29394C02C60}.Debug|x64.ActiveCfg = Debug|x64
		{63F4FDEF-F23E-449F-A347-F29394C02C60}.Debug|x64.Build.0 = Debug|x64
		{63F4FDEF-F23E-449F-A347-F29394C02C60}.Debug|x86.ActiveCfg = Debug|Win32
		{63F4FDEF-F23E-449F-A347-F29394C02C60}.Debug|x86.Build.0 = Debug|Win32
		{63F4FDEF-F23E-449F-A347-F29394C02C60}.Release|x64.ActiveCfg = Release|x64
		{63F4FDEF-F23E-449F-A347-F29394C02C60}.Release|x64.Build.0 = Release|x64
		{63F4FDEF-F23E-449F-A347-F29394C02C60}.Release|x86.ActiveCfg = Release|Win32
		{63F4FDEF-F23E-449F-A347-F29394C02C60}.Release|x86.Build.0 = Release|Win32
		{1322E914-1854-46E9-ACD6-B89627251346}.Debug|x64.ActiveCfg = Debug|x64
		{1322E914-1854-46E9-ACD6-B89627251346}.Debug|x64.Build.0 = Debug|x64
		{1322E914-1854-46E9-ACD6-B89627251346}.Debug|x86.ActiveCfg = Debug|Win32
		{1322E914-1854-46E9-ACD6-B89627251346}.Debug|x86.Build.0 = Debug|Win32
		{1322E914-1854-46E9-ACD6-B89627251346}.Release|x64.ActiveCfg = Release|x64
		{1322E914-1854-46E9-ACD6-B89627251346}.Release|x64.Build.0 = Release|x64
		{1322E914-1854-46E9-ACD6-B89627251346}.Release|x86.ActiveCfg = Release|Win32
		{1322E914-1854-46E9-ACD6-B89627251346}.Release|x86.Build.0 = Release|Win32
		{E34C3062-D057-4FF4-9EC4-ADD786890AFE}.Debug|x64.ActiveCfg = Debug|x64
		{E34C3062-D057-4FF4-9EC4-ADD786890AFE}.Debug|x64.Build.0 = Debug|x64
		{E34C3062-D057-4FF4-9EC4-ADD786890AFE}.Debug|x86.ActiveCfg = Debug|Win32
		{E34C3062-D057-4FF4-9EC4-ADD786890AFE}.Debug|x86.Build.0 = Debug|Win32
		{E34C3062-D057-4FF4-9EC4-ADD786890AFE}.Release|x64.ActiveCfg = Release|x64
		{E34C3062-D057-4FF4-9EC4-ADD786890AFE}.Release|x64.Build.0 = Release|x64
		{E34C3062-D057-4FF4-9EC4-ADD786890AFE}.Release|x86.ActiveCfg = Release|Win32
		{E34C3062-D057-4FF4-9EC4-ADD786890AFE}.Release|x86.Build.0 = Release|Win32
		{6FE19521-821C-4C08-8929-6080BAD8FED5}.Debug|x64.ActiveCfg = Debug|x64
		{6FE19521-821C-4C08-8929-6080BAD8FED5}.Debug|x64.Build.0 = Debug|x64
		{6FE19521-821C-4C08-8929-6080BAD8FED5}.Debug|x86.ActiveCfg = Debug|Win32
		{6FE19521-821C-4C08-8929-6080BAD8FED5}.Debug|x86.Build.0 = Debug|Win32
		{6FE19521-821C-4C08-8929-6080BAD8FED5}.Release|x64.ActiveCfg = Release|x64
		{6FE19521-821C-4C08-8929-6080BAD8FED5}.Release|x64.Build.0 = Release|x64
		{6FE19521-821C-4C08-8929-6080BAD8FED5}.Release|x86.ActiveCfg = Release|Win32
		{6FE19521-821C-4C08-8929-6080BAD8FED5}.Release|x86.Build.0 = Release|Win32
		{691B9D65-9853-4E4D-80A7-D1E5F1D73059}.Debug|x64.ActiveCfg = Debug|x64
		{691B9D65-9853-4E4D-80A7-D1E5F1D73059}.Debug|x64.Build.0 = Debug|x64
		{691B9D65-9853-4E4D-80A7-D1E5F1D73059}.Debug|x86.ActiveCfg = Debug|Win32
		{691B9D65-9853-4E4D-80A7-D1E5F1D73059}.Debug|x86.Build.0 = Debug|Win32
		{691B9D65-9853-4E4D-80A7-D1E5F1D73059}.Release|x64.ActiveCfg = Release|x64
		{691B9D65-9853-4E4D-80A7-D1E5F1D73059}.Release|x64.Build.0 = Release|x64
		{691B9D65-9853-4E4D-80A7-D1E5F1D73059}.Release|x86.ActiveCfg = Release|Win32
		{691B9D65-9853-4E4D-80A7-D1E5F1D73059}.Release|x86.Build.0 = Release|Win32
		{4E6BE9F2-B745-4E02-AD94-A7B7D25CFE58}.Debug|x64.ActiveCfg = Debug|x64
		{4E6BE9F2-B745-4E02-AD94-A7B7D25CFE58}.Debug|x64.Build.0 = Debug|x64
		{4E6BE9F2-B745-4E02-AD94-A7B7D25CFE58}.Debug|x86.ActiveCfg = Debug|Win32
		{4E6BE9F2-B745-4E02-AD94-A7B7D25CFE58}.Debug|x86.Build.0 = Debug|Win32
		{4E6BE9F2-B745-4E02-AD94-A7B7D25CFE58}.Release|x64.ActiveCfg = Release|x64
		{4E6BE9F2-B745-4E02-AD94-A7B7D25CFE58}.Release|x64.Build.0 = Release|x64
		{4E6BE9F2-B745-4E02-AD94-A7B7D25CFE58}.Release|x86.ActiveCfg = Release|Win32
		{4E6BE9F2-B745-4E02-AD94-A7B7D25CFE58}.Release|x86.Build.0 = Release|Win32
		{426E8943-E674-49DF-BED6-8C8C990C342D}.Debug|x64.ActiveCfg = Debug|x64
		{426E8943-E674-49DF-BED6-8C8C990C342D}.Debug|x64.Build.0 = Debug|x64
		{426E8943-E674-49DF-BED6-8C8C990C342D}.Debug|x86.ActiveCfg = Debug|Win32
		{426E8943-E674-49DF-BED6-8C8C990C342D}.Debug|x86.Build.0 = Debug|Win32
		{426E8943-E674-49DF-BED6-8C8C990C342D}.Release|x64.ActiveCfg = Release|x64
		{426E8943-E674-49DF-BED6-8C8C990C342D}.Release|x64.Build.0 = Release|x64
		{426E8943-E674-49DF-BED6-8C8C990C342D}.Release|x86.ActiveCfg = Release|Win32
		{426E8943-E674-49DF-BED6-8C8C990C342D}.Release|x86.Build.0 = Release|Win32
	EndGlobalSection
	GlobalSection(SolutionProperties) = preSolution
		HideSolutionNode = FALSE
	EndGlobalSection
	GlobalSection(ExtensibilityGlobals) = postSolution
		SolutionGuid = {0B3F57F2-905F-4452-835C-4E7721ED29B2}
	EndGlobalSection
EndGlobal
