
Microsoft Visual Studio Solution File, Format Version 12.00
# Visual Studio Version 17
VisualStudioVersion = 17.4.33110.190
MinimumVisualStudioVersion = 10.0.40219.1
Project("{8BC9CEB8-8B4A-11D0-8D11-00A0C91BC942}") = "lab2", "lab2\lab2.vcxproj", "{35F80A5A-0858-4B40-A8AC-4E80D1F646F3}"
EndProject
Project("{8BC9CEB8-8B4A-11D0-8D11-00A0C91BC942}") = "lab3", "lab3\lab3.vcxproj", "{63F4FDEF-F23E-449F-A347-F29394C02C60}"
EndProject
Project("{8BC9CEB8-8B4A-11D0-8D11-00A0C91BC942}") = "lab1", "lab1\lab1.vcxproj", "{1322E914-1854-46E9-ACD6-B89627251346}"
EndProject
Project("{8BC9CEB8-8B4A-11D0-8D11-00A0C91BC942}") = "lab4", "lab4\lab4.vcxproj", "{E34C3062-D057-4FF4-9EC4-ADD786890AFE}"
EndProject
Project("{8BC9CEB8-8B4A-11D0-8D11-00A0C91BC942}") = "lab5", "lab5\lab5.vcxproj", "{6FE19521-821C-4C08-8929-6080BAD8FED5}"
EndProject
Project("{8BC9CEB8-8B4A-11D0-8D11-00A0C91BC942}") = "lab6", "lab6\lab6.vcxproj", "{691B9D65-9853-4E4D-80A7-D1E5F1D73059}"
EndProject
Project("{8BC9CEB8-8B4A-11D0-8D11-00A0C91BC942}") = "lab4_sebi", "lab4_sebi\lab4_sebi.vcxproj", "{4E6BE9F2-B745-4E02-AD94-A7B7D25CFE58}"
EndProject
Project("{8BC9CEB8-8B4A-11D0-8D11-00A0C91BC942}") = "lab7", "lab7\lab7.vcxproj", "{6C824A1B-7388-48FB-A916-EAB90D4C6327}"
EndProject
Project("{8BC9CEB8-8B4A-11D0-8D11-00A0C91BC942}") = "seminar", "seminar\seminar.vcxproj", "{3A334042-D8DA-4334-A107-9369F323B958}"
EndProject
Project("{8BC9CEB8-8B4A-11D0-8D11-00A0C91BC942}") = "pregatirePartialCarDealer", "pregatirePartialCarDealer\pregatirePartialCarDealer.vcxproj", "{871003E7-9A64-44BE-A770-5990B8A2E520}"
EndProject
Project("{8BC9CEB8-8B4A-11D0-8D11-00A0C91BC942}") = "prgPartialDoubleLinkedList", "prgPartialDoubleLinkedList\prgPartialDoubleLinkedList.vcxproj", "{AF8AE995-500D-4E5C-9B8F-9EBC76E85C98}"
EndProject
Project("{8BC9CEB8-8B4A-11D0-8D11-00A0C91BC942}") = "prgPartialCatalog", "prgPartialCatalog\prgPartialCatalog.vcxproj", "{FA250669-94DD-4F6D-86AF-5E651A45DD56}"
EndProject
Project("{8BC9CEB8-8B4A-11D0-8D11-00A0C91BC942}") = "prgPartialCalculator", "prgPartialCalculator\prgPartialCalculator.vcxproj", "{64A670E1-0294-4230-8000-DF052D478ED6}"
EndProject
Project("{8BC9CEB8-8B4A-11D0-8D11-00A0C91BC942}") = "prgPartialPhrase", "prgPartialPhrase\prgPartialPhrase.vcxproj", "{A0F6CED9-394D-41B6-8F6F-1C52B5E8A905}"
EndProject
Project("{8BC9CEB8-8B4A-11D0-8D11-00A0C91BC942}") = "prgPartialHex", "prgPartialHex\prgPartialHex.vcxproj", "{4366E016-6EA2-4206-A222-9E7AB134755F}"
EndProject
Project("{8BC9CEB8-8B4A-11D0-8D11-00A0C91BC942}") = "test", "test\test.vcxproj", "{1B92F0E4-0AD1-49E5-B94C-FF50FA77F9AC}"
EndProject
Project("{8BC9CEB8-8B4A-11D0-8D11-00A0C91BC942}") = "lab8", "lab8\lab8.vcxproj", "{C83E3555-B00C-4D50-B6BD-BCA54F6C2594}"
EndProject
Project("{8BC9CEB8-8B4A-11D0-8D11-00A0C91BC942}") = "lab9", "lab9\lab9.vcxproj", "{771C317E-289E-4815-8E87-3EC7AFD6219C}"
EndProject
Project("{8BC9CEB8-8B4A-11D0-8D11-00A0C91BC942}") = "seminar9", "seminar9\seminar9.vcxproj", "{4236EAD1-803F-4D8F-81D5-547052B08CAD}"
EndProject
Project("{8BC9CEB8-8B4A-11D0-8D11-00A0C91BC942}") = "filetreeproject", "filetreeproject\filetreeproject.vcxproj", "{EAC57D09-711F-4C45-836F-BD370190B168}"
EndProject
Project("{8BC9CEB8-8B4A-11D0-8D11-00A0C91BC942}") = "lab10", "lab10\lab10.vcxproj", "{372DE291-5DA2-4CBA-8530-EFC8CEA34601}"
EndProject
Project("{2150E333-8FDC-42A3-9474-1A3956D46DE8}") = "Solution Items", "Solution Items", "{46F52CE6-F805-42CE-9FEB-13D78111A626}"
	ProjectSection(SolutionItems) = preProject
		.gitignore = .gitignore
	EndProjectSection
EndProject
Project("{8BC9CEB8-8B4A-11D0-8D11-00A0C91BC942}") = "lab12", "lab12\lab12.vcxproj", "{04E709AC-57D4-4ABB-A6AA-CBC6486FC119}"
EndProject
Global
	GlobalSection(SolutionConfigurationPlatforms) = preSolution
		Debug|x64 = Debug|x64
		Debug|x86 = Debug|x86
		Release|x64 = Release|x64
		Release|x86 = Release|x86
	EndGlobalSection
	GlobalSection(ProjectConfigurationPlatforms) = postSolution
		{35F80A5A-0858-4B40-A8AC-4E80D1F646F3}.Debug|x64.ActiveCfg = Debug|x64
		{35F80A5A-0858-4B40-A8AC-4E80D1F646F3}.Debug|x64.Build.0 = Debug|x64
		{35F80A5A-0858-4B40-A8AC-4E80D1F646F3}.Debug|x86.ActiveCfg = Debug|Win32
		{35F80A5A-0858-4B40-A8AC-4E80D1F646F3}.Debug|x86.Build.0 = Debug|Win32
		{35F80A5A-0858-4B40-A8AC-4E80D1F646F3}.Release|x64.ActiveCfg = Release|x64
		{35F80A5A-0858-4B40-A8AC-4E80D1F646F3}.Release|x64.Build.0 = Release|x64
		{35F80A5A-0858-4B40-A8AC-4E80D1F646F3}.Release|x86.ActiveCfg = Release|Win32
		{35F80A5A-0858-4B40-A8AC-4E80D1F646F3}.Release|x86.Build.0 = Release|Win32
		{63F4FDEF-F23E-449F-A347-F29394C02C60}.Debug|x64.ActiveCfg = Debug|x64
		{63F4FDEF-F23E-449F-A347-F29394C02C60}.Debug|x64.Build.0 = Debug|x64
		{63F4FDEF-F23E-449F-A347-F29394C02C60}.Debug|x86.ActiveCfg = Debug|Win32
		{63F4FDEF-F23E-449F-A347-F29394C02C60}.Debug|x86.Build.0 = Debug|Win32
		{63F4FDEF-F23E-449F-A347-F29394C02C60}.Release|x64.ActiveCfg = Release|x64
		{63F4FDEF-F23E-449F-A347-F29394C02C60}.Release|x64.Build.0 = Release|x64
		{63F4FDEF-F23E-449F-A347-F29394C02C60}.Release|x86.ActiveCfg = Release|Win32
		{63F4FDEF-F23E-449F-A347-F29394C02C60}.Release|x86.Build.0 = Release|Win32
		{1322E914-1854-46E9-ACD6-B89627251346}.Debug|x64.ActiveCfg = Debug|x64
		{1322E914-1854-46E9-ACD6-B89627251346}.Debug|x64.Build.0 = Debug|x64
		{1322E914-1854-46E9-ACD6-B89627251346}.Debug|x86.ActiveCfg = Debug|Win32
		{1322E914-1854-46E9-ACD6-B89627251346}.Debug|x86.Build.0 = Debug|Win32
		{1322E914-1854-46E9-ACD6-B89627251346}.Release|x64.ActiveCfg = Release|x64
		{1322E914-1854-46E9-ACD6-B89627251346}.Release|x64.Build.0 = Release|x64
		{1322E914-1854-46E9-ACD6-B89627251346}.Release|x86.ActiveCfg = Release|Win32
		{1322E914-1854-46E9-ACD6-B89627251346}.Release|x86.Build.0 = Release|Win32
		{E34C3062-D057-4FF4-9EC4-ADD786890AFE}.Debug|x64.ActiveCfg = Debug|x64
		{E34C3062-D057-4FF4-9EC4-ADD786890AFE}.Debug|x64.Build.0 = Debug|x64
		{E34C3062-D057-4FF4-9EC4-ADD786890AFE}.Debug|x86.ActiveCfg = Debug|Win32
		{E34C3062-D057-4FF4-9EC4-ADD786890AFE}.Debug|x86.Build.0 = Debug|Win32
		{E34C3062-D057-4FF4-9EC4-ADD786890AFE}.Release|x64.ActiveCfg = Release|x64
		{E34C3062-D057-4FF4-9EC4-ADD786890AFE}.Release|x64.Build.0 = Release|x64
		{E34C3062-D057-4FF4-9EC4-ADD786890AFE}.Release|x86.ActiveCfg = Release|Win32
		{E34C3062-D057-4FF4-9EC4-ADD786890AFE}.Release|x86.Build.0 = Release|Win32
		{6FE19521-821C-4C08-8929-6080BAD8FED5}.Debug|x64.ActiveCfg = Debug|x64
		{6FE19521-821C-4C08-8929-6080BAD8FED5}.Debug|x64.Build.0 = Debug|x64
		{6FE19521-821C-4C08-8929-6080BAD8FED5}.Debug|x86.ActiveCfg = Debug|Win32
		{6FE19521-821C-4C08-8929-6080BAD8FED5}.Debug|x86.Build.0 = Debug|Win32
		{6FE19521-821C-4C08-8929-6080BAD8FED5}.Release|x64.ActiveCfg = Release|x64
		{6FE19521-821C-4C08-8929-6080BAD8FED5}.Release|x64.Build.0 = Release|x64
		{6FE19521-821C-4C08-8929-6080BAD8FED5}.Release|x86.ActiveCfg = Release|Win32
		{6FE19521-821C-4C08-8929-6080BAD8FED5}.Release|x86.Build.0 = Release|Win32
		{691B9D65-9853-4E4D-80A7-D1E5F1D73059}.Debug|x64.ActiveCfg = Debug|x64
		{691B9D65-9853-4E4D-80A7-D1E5F1D73059}.Debug|x64.Build.0 = Debug|x64
		{691B9D65-9853-4E4D-80A7-D1E5F1D73059}.Debug|x86.ActiveCfg = Debug|Win32
		{691B9D65-9853-4E4D-80A7-D1E5F1D73059}.Debug|x86.Build.0 = Debug|Win32
		{691B9D65-9853-4E4D-80A7-D1E5F1D73059}.Release|x64.ActiveCfg = Release|x64
		{691B9D65-9853-4E4D-80A7-D1E5F1D73059}.Release|x64.Build.0 = Release|x64
		{691B9D65-9853-4E4D-80A7-D1E5F1D73059}.Release|x86.ActiveCfg = Release|Win32
		{691B9D65-9853-4E4D-80A7-D1E5F1D73059}.Release|x86.Build.0 = Release|Win32
		{4E6BE9F2-B745-4E02-AD94-A7B7D25CFE58}.Debug|x64.ActiveCfg = Debug|x64
		{4E6BE9F2-B745-4E02-AD94-A7B7D25CFE58}.Debug|x64.Build.0 = Debug|x64
		{4E6BE9F2-B745-4E02-AD94-A7B7D25CFE58}.Debug|x86.ActiveCfg = Debug|Win32
		{4E6BE9F2-B745-4E02-AD94-A7B7D25CFE58}.Debug|x86.Build.0 = Debug|Win32
		{4E6BE9F2-B745-4E02-AD94-A7B7D25CFE58}.Release|x64.ActiveCfg = Release|x64
		{4E6BE9F2-B745-4E02-AD94-A7B7D25CFE58}.Release|x64.Build.0 = Release|x64
		{4E6BE9F2-B745-4E02-AD94-A7B7D25CFE58}.Release|x86.ActiveCfg = Release|Win32
		{4E6BE9F2-B745-4E02-AD94-A7B7D25CFE58}.Release|x86.Build.0 = Release|Win32
		{6C824A1B-7388-48FB-A916-EAB90D4C6327}.Debug|x64.ActiveCfg = Debug|x64
		{6C824A1B-7388-48FB-A916-EAB90D4C6327}.Debug|x64.Build.0 = Debug|x64
		{6C824A1B-7388-48FB-A916-EAB90D4C6327}.Debug|x86.ActiveCfg = Debug|Win32
		{6C824A1B-7388-48FB-A916-EAB90D4C6327}.Debug|x86.Build.0 = Debug|Win32
		{6C824A1B-7388-48FB-A916-EAB90D4C6327}.Release|x64.ActiveCfg = Release|x64
		{6C824A1B-7388-48FB-A916-EAB90D4C6327}.Release|x64.Build.0 = Release|x64
		{6C824A1B-7388-48FB-A916-EAB90D4C6327}.Release|x86.ActiveCfg = Release|Win32
		{6C824A1B-7388-48FB-A916-EAB90D4C6327}.Release|x86.Build.0 = Release|Win32
		{3A334042-D8DA-4334-A107-9369F323B958}.Debug|x64.ActiveCfg = Debug|x64
		{3A334042-D8DA-4334-A107-9369F323B958}.Debug|x64.Build.0 = Debug|x64
		{3A334042-D8DA-4334-A107-9369F323B958}.Debug|x86.ActiveCfg = Debug|Win32
		{3A334042-D8DA-4334-A107-9369F323B958}.Debug|x86.Build.0 = Debug|Win32
		{3A334042-D8DA-4334-A107-9369F323B958}.Release|x64.ActiveCfg = Release|x64
		{3A334042-D8DA-4334-A107-9369F323B958}.Release|x64.Build.0 = Release|x64
		{3A334042-D8DA-4334-A107-9369F323B958}.Release|x86.ActiveCfg = Release|Win32
		{3A334042-D8DA-4334-A107-9369F323B958}.Release|x86.Build.0 = Release|Win32
		{871003E7-9A64-44BE-A770-5990B8A2E520}.Debug|x64.ActiveCfg = Debug|x64
		{871003E7-9A64-44BE-A770-5990B8A2E520}.Debug|x64.Build.0 = Debug|x64
		{871003E7-9A64-44BE-A770-5990B8A2E520}.Debug|x86.ActiveCfg = Debug|Win32
		{871003E7-9A64-44BE-A770-5990B8A2E520}.Debug|x86.Build.0 = Debug|Win32
		{871003E7-9A64-44BE-A770-5990B8A2E520}.Release|x64.ActiveCfg = Release|x64
		{871003E7-9A64-44BE-A770-5990B8A2E520}.Release|x64.Build.0 = Release|x64
		{871003E7-9A64-44BE-A770-5990B8A2E520}.Release|x86.ActiveCfg = Release|Win32
		{871003E7-9A64-44BE-A770-5990B8A2E520}.Release|x86.Build.0 = Release|Win32
		{AF8AE995-500D-4E5C-9B8F-9EBC76E85C98}.Debug|x64.ActiveCfg = Debug|x64
		{AF8AE995-500D-4E5C-9B8F-9EBC76E85C98}.Debug|x64.Build.0 = Debug|x64
		{AF8AE995-500D-4E5C-9B8F-9EBC76E85C98}.Debug|x86.ActiveCfg = Debug|Win32
		{AF8AE995-500D-4E5C-9B8F-9EBC76E85C98}.Debug|x86.Build.0 = Debug|Win32
		{AF8AE995-500D-4E5C-9B8F-9EBC76E85C98}.Release|x64.ActiveCfg = Release|x64
		{AF8AE995-500D-4E5C-9B8F-9EBC76E85C98}.Release|x64.Build.0 = Release|x64
		{AF8AE995-500D-4E5C-9B8F-9EBC76E85C98}.Release|x86.ActiveCfg = Release|Win32
		{AF8AE995-500D-4E5C-9B8F-9EBC76E85C98}.Release|x86.Build.0 = Release|Win32
		{FA250669-94DD-4F6D-86AF-5E651A45DD56}.Debug|x64.ActiveCfg = Debug|x64
		{FA250669-94DD-4F6D-86AF-5E651A45DD56}.Debug|x64.Build.0 = Debug|x64
		{FA250669-94DD-4F6D-86AF-5E651A45DD56}.Debug|x86.ActiveCfg = Debug|Win32
		{FA250669-94DD-4F6D-86AF-5E651A45DD56}.Debug|x86.Build.0 = Debug|Win32
		{FA250669-94DD-4F6D-86AF-5E651A45DD56}.Release|x64.ActiveCfg = Release|x64
		{FA250669-94DD-4F6D-86AF-5E651A45DD56}.Release|x64.Build.0 = Release|x64
		{FA250669-94DD-4F6D-86AF-5E651A45DD56}.Release|x86.ActiveCfg = Release|Win32
		{FA250669-94DD-4F6D-86AF-5E651A45DD56}.Release|x86.Build.0 = Release|Win32
		{64A670E1-0294-4230-8000-DF052D478ED6}.Debug|x64.ActiveCfg = Debug|x64
		{64A670E1-0294-4230-8000-DF052D478ED6}.Debug|x64.Build.0 = Debug|x64
		{64A670E1-0294-4230-8000-DF052D478ED6}.Debug|x86.ActiveCfg = Debug|Win32
		{64A670E1-0294-4230-8000-DF052D478ED6}.Debug|x86.Build.0 = Debug|Win32
		{64A670E1-0294-4230-8000-DF052D478ED6}.Release|x64.ActiveCfg = Release|x64
		{64A670E1-0294-4230-8000-DF052D478ED6}.Release|x64.Build.0 = Release|x64
		{64A670E1-0294-4230-8000-DF052D478ED6}.Release|x86.ActiveCfg = Release|Win32
		{64A670E1-0294-4230-8000-DF052D478ED6}.Release|x86.Build.0 = Release|Win32
		{A0F6CED9-394D-41B6-8F6F-1C52B5E8A905}.Debug|x64.ActiveCfg = Debug|x64
		{A0F6CED9-394D-41B6-8F6F-1C52B5E8A905}.Debug|x64.Build.0 = Debug|x64
		{A0F6CED9-394D-41B6-8F6F-1C52B5E8A905}.Debug|x86.ActiveCfg = Debug|Win32
		{A0F6CED9-394D-41B6-8F6F-1C52B5E8A905}.Debug|x86.Build.0 = Debug|Win32
		{A0F6CED9-394D-41B6-8F6F-1C52B5E8A905}.Release|x64.ActiveCfg = Release|x64
		{A0F6CED9-394D-41B6-8F6F-1C52B5E8A905}.Release|x64.Build.0 = Release|x64
		{A0F6CED9-394D-41B6-8F6F-1C52B5E8A905}.Release|x86.ActiveCfg = Release|Win32
		{A0F6CED9-394D-41B6-8F6F-1C52B5E8A905}.Release|x86.Build.0 = Release|Win32
		{4366E016-6EA2-4206-A222-9E7AB134755F}.Debug|x64.ActiveCfg = Debug|x64
		{4366E016-6EA2-4206-A222-9E7AB134755F}.Debug|x64.Build.0 = Debug|x64
		{4366E016-6EA2-4206-A222-9E7AB134755F}.Debug|x86.ActiveCfg = Debug|Win32
		{4366E016-6EA2-4206-A222-9E7AB134755F}.Debug|x86.Build.0 = Debug|Win32
		{4366E016-6EA2-4206-A222-9E7AB134755F}.Release|x64.ActiveCfg = Release|x64
		{4366E016-6EA2-4206-A222-9E7AB134755F}.Release|x64.Build.0 = Release|x64
		{4366E016-6EA2-4206-A222-9E7AB134755F}.Release|x86.ActiveCfg = Release|Win32
		{4366E016-6EA2-4206-A222-9E7AB134755F}.Release|x86.Build.0 = Release|Win32
		{1B92F0E4-0AD1-49E5-B94C-FF50FA77F9AC}.Debug|x64.ActiveCfg = Debug|x64
		{1B92F0E4-0AD1-49E5-B94C-FF50FA77F9AC}.Debug|x64.Build.0 = Debug|x64
		{1B92F0E4-0AD1-49E5-B94C-FF50FA77F9AC}.Debug|x86.ActiveCfg = Debug|Win32
		{1B92F0E4-0AD1-49E5-B94C-FF50FA77F9AC}.Debug|x86.Build.0 = Debug|Win32
		{1B92F0E4-0AD1-49E5-B94C-FF50FA77F9AC}.Release|x64.ActiveCfg = Release|x64
		{1B92F0E4-0AD1-49E5-B94C-FF50FA77F9AC}.Release|x64.Build.0 = Release|x64
		{1B92F0E4-0AD1-49E5-B94C-FF50FA77F9AC}.Release|x86.ActiveCfg = Release|Win32
		{1B92F0E4-0AD1-49E5-B94C-FF50FA77F9AC}.Release|x86.Build.0 = Release|Win32
		{C83E3555-B00C-4D50-B6BD-BCA54F6C2594}.Debug|x64.ActiveCfg = Debug|x64
		{C83E3555-B00C-4D50-B6BD-BCA54F6C2594}.Debug|x64.Build.0 = Debug|x64
		{C83E3555-B00C-4D50-B6BD-BCA54F6C2594}.Debug|x86.ActiveCfg = Debug|Win32
		{C83E3555-B00C-4D50-B6BD-BCA54F6C2594}.Debug|x86.Build.0 = Debug|Win32
		{C83E3555-B00C-4D50-B6BD-BCA54F6C2594}.Release|x64.ActiveCfg = Release|x64
		{C83E3555-B00C-4D50-B6BD-BCA54F6C2594}.Release|x64.Build.0 = Release|x64
		{C83E3555-B00C-4D50-B6BD-BCA54F6C2594}.Release|x86.ActiveCfg = Release|Win32
		{C83E3555-B00C-4D50-B6BD-BCA54F6C2594}.Release|x86.Build.0 = Release|Win32
		{771C317E-289E-4815-8E87-3EC7AFD6219C}.Debug|x64.ActiveCfg = Debug|x64
		{771C317E-289E-4815-8E87-3EC7AFD6219C}.Debug|x64.Build.0 = Debug|x64
		{771C317E-289E-4815-8E87-3EC7AFD6219C}.Debug|x86.ActiveCfg = Debug|Win32
		{771C317E-289E-4815-8E87-3EC7AFD6219C}.Debug|x86.Build.0 = Debug|Win32
		{771C317E-289E-4815-8E87-3EC7AFD6219C}.Release|x64.ActiveCfg = Release|x64
		{771C317E-289E-4815-8E87-3EC7AFD6219C}.Release|x64.Build.0 = Release|x64
		{771C317E-289E-4815-8E87-3EC7AFD6219C}.Release|x86.ActiveCfg = Release|Win32
		{771C317E-289E-4815-8E87-3EC7AFD6219C}.Release|x86.Build.0 = Release|Win32
		{4236EAD1-803F-4D8F-81D5-547052B08CAD}.Debug|x64.ActiveCfg = Debug|x64
		{4236EAD1-803F-4D8F-81D5-547052B08CAD}.Debug|x64.Build.0 = Debug|x64
		{4236EAD1-803F-4D8F-81D5-547052B08CAD}.Debug|x86.ActiveCfg = Debug|Win32
		{4236EAD1-803F-4D8F-81D5-547052B08CAD}.Debug|x86.Build.0 = Debug|Win32
		{4236EAD1-803F-4D8F-81D5-547052B08CAD}.Release|x64.ActiveCfg = Release|x64
		{4236EAD1-803F-4D8F-81D5-547052B08CAD}.Release|x64.Build.0 = Release|x64
		{4236EAD1-803F-4D8F-81D5-547052B08CAD}.Release|x86.ActiveCfg = Release|Win32
		{4236EAD1-803F-4D8F-81D5-547052B08CAD}.Release|x86.Build.0 = Release|Win32
		{EAC57D09-711F-4C45-836F-BD370190B168}.Debug|x64.ActiveCfg = Debug|x64
		{EAC57D09-711F-4C45-836F-BD370190B168}.Debug|x64.Build.0 = Debug|x64
		{EAC57D09-711F-4C45-836F-BD370190B168}.Debug|x86.ActiveCfg = Debug|Win32
		{EAC57D09-711F-4C45-836F-BD370190B168}.Debug|x86.Build.0 = Debug|Win32
		{EAC57D09-711F-4C45-836F-BD370190B168}.Release|x64.ActiveCfg = Release|x64
		{EAC57D09-711F-4C45-836F-BD370190B168}.Release|x64.Build.0 = Release|x64
		{EAC57D09-711F-4C45-836F-BD370190B168}.Release|x86.ActiveCfg = Release|Win32
		{EAC57D09-711F-4C45-836F-BD370190B168}.Release|x86.Build.0 = Release|Win32
		{372DE291-5DA2-4CBA-8530-EFC8CEA34601}.Debug|x64.ActiveCfg = Debug|x64
		{372DE291-5DA2-4CBA-8530-EFC8CEA34601}.Debug|x64.Build.0 = Debug|x64
		{372DE291-5DA2-4CBA-8530-EFC8CEA34601}.Debug|x86.ActiveCfg = Debug|Win32
		{372DE291-5DA2-4CBA-8530-EFC8CEA34601}.Debug|x86.Build.0 = Debug|Win32
		{372DE291-5DA2-4CBA-8530-EFC8CEA34601}.Release|x64.ActiveCfg = Release|x64
		{372DE291-5DA2-4CBA-8530-EFC8CEA34601}.Release|x64.Build.0 = Release|x64
		{372DE291-5DA2-4CBA-8530-EFC8CEA34601}.Release|x86.ActiveCfg = Release|Win32
		{372DE291-5DA2-4CBA-8530-EFC8CEA34601}.Release|x86.Build.0 = Release|Win32
		{04E709AC-57D4-4ABB-A6AA-CBC6486FC119}.Debug|x64.ActiveCfg = Debug|x64
		{04E709AC-57D4-4ABB-A6AA-CBC6486FC119}.Debug|x64.Build.0 = Debug|x64
		{04E709AC-57D4-4ABB-A6AA-CBC6486FC119}.Debug|x86.ActiveCfg = Debug|Win32
		{04E709AC-57D4-4ABB-A6AA-CBC6486FC119}.Debug|x86.Build.0 = Debug|Win32
		{04E709AC-57D4-4ABB-A6AA-CBC6486FC119}.Release|x64.ActiveCfg = Release|x64
		{04E709AC-57D4-4ABB-A6AA-CBC6486FC119}.Release|x64.Build.0 = Release|x64
		{04E709AC-57D4-4ABB-A6AA-CBC6486FC119}.Release|x86.ActiveCfg = Release|Win32
		{04E709AC-57D4-4ABB-A6AA-CBC6486FC119}.Release|x86.Build.0 = Release|Win32
	EndGlobalSection
	GlobalSection(SolutionProperties) = preSolution
		HideSolutionNode = FALSE
	EndGlobalSection
	GlobalSection(ExtensibilityGlobals) = postSolution
		SolutionGuid = {0B3F57F2-905F-4452-835C-4E7721ED29B2}
	EndGlobalSection
EndGlobal
